<Solution>
  <Folder Name="/Solution Items/">
    <File Path=".releaserc.json" />
    <File Path="Directory.Build.props" />
    <File Path="global.json" />
    <File Path="README.md" />
  </Folder>
  <Project Path="tests/Kind.NET.Tests/Kind.NET.Tests.csproj" />
  <Project Path="src/Kind.NET/Kind.NET.csproj" />
</Solution>
